// !$*UTF8*$!
{
	archiveVersion = 1;
	classes = {
	};
	objectVersion = 46;
	objects = {

/* Begin PBXBuildFile section */
		14A6F05820C940E6A436497A /* libPods.a in Frameworks */ = {isa = PBXBuildFile; fileRef = F54954DA51F942629C446F07 /* libPods.a */; };
		BAC52C43180EF1AE00E4E265 /* Foundation.framework in Frameworks */ = {isa = PBXBuildFile; fileRef = BAC52C42180EF1AE00E4E265 /* Foundation.framework */; };
		BAC52C45180EF1AF00E4E265 /* CoreGraphics.framework in Frameworks */ = {isa = PBXBuildFile; fileRef = BAC52C44180EF1AF00E4E265 /* CoreGraphics.framework */; };
		BAC52C47180EF1AF00E4E265 /* UIKit.framework in Frameworks */ = {isa = PBXBuildFile; fileRef = BAC52C46180EF1AF00E4E265 /* UIKit.framework */; };
		BAC52C4D180EF1AF00E4E265 /* InfoPlist.strings in Resources */ = {isa = PBXBuildFile; fileRef = BAC52C4B180EF1AF00E4E265 /* InfoPlist.strings */; };
		BAC52C4F180EF1AF00E4E265 /* main.m in Sources */ = {isa = PBXBuildFile; fileRef = BAC52C4E180EF1AF00E4E265 /* main.m */; };
		BAC52C55180EF1AF00E4E265 /* Images.xcassets in Resources */ = {isa = PBXBuildFile; fileRef = BAC52C54180EF1AF00E4E265 /* Images.xcassets */; };
		BAC52C5C180EF1AF00E4E265 /* XCTest.framework in Frameworks */ = {isa = PBXBuildFile; fileRef = BAC52C5B180EF1AF00E4E265 /* XCTest.framework */; };
		BAC52C5D180EF1AF00E4E265 /* Foundation.framework in Frameworks */ = {isa = PBXBuildFile; fileRef = BAC52C42180EF1AE00E4E265 /* Foundation.framework */; };
		BAC52C5E180EF1AF00E4E265 /* UIKit.framework in Frameworks */ = {isa = PBXBuildFile; fileRef = BAC52C46180EF1AF00E4E265 /* UIKit.framework */; };
		BAC52C66180EF1AF00E4E265 /* InfoPlist.strings in Resources */ = {isa = PBXBuildFile; fileRef = BAC52C64180EF1AF00E4E265 /* InfoPlist.strings */; };
		BAC52C68180EF1AF00E4E265 /* HellLilyTests.m in Sources */ = {isa = PBXBuildFile; fileRef = BAC52C67180EF1AF00E4E265 /* HellLilyTests.m */; };
		BAC52C74180F0EBD00E4E265 /* AppDelegate.m in Sources */ = {isa = PBXBuildFile; fileRef = BAC52C73180F0EBD00E4E265 /* AppDelegate.m */; };
		BAC52C7E180F10F700E4E265 /* HomeController.m in Sources */ = {isa = PBXBuildFile; fileRef = BAC52C77180F10F700E4E265 /* HomeController.m */; };
		BAC52C7F180F10F700E4E265 /* MenuController.m in Sources */ = {isa = PBXBuildFile; fileRef = BAC52C79180F10F700E4E265 /* MenuController.m */; };
		BAC52C80180F10F700E4E265 /* RootNaviController.m in Sources */ = {isa = PBXBuildFile; fileRef = BAC52C7B180F10F700E4E265 /* RootNaviController.m */; };
		BAC52C81180F10F700E4E265 /* SecondViewController.m in Sources */ = {isa = PBXBuildFile; fileRef = BAC52C7D180F10F700E4E265 /* SecondViewController.m */; };
		BAC52C84180F175400E4E265 /* SettingController.m in Sources */ = {isa = PBXBuildFile; fileRef = BAC52C83180F175400E4E265 /* SettingController.m */; };
		BAC52C8C18103AE200E4E265 /* UINavigationController+Autorotate.m in Sources */ = {isa = PBXBuildFile; fileRef = BAC52C8B18103AE200E4E265 /* UINavigationController+Autorotate.m */; };
		BAC52C8F18103F5600E4E265 /* UIViewController+Autorotate.m in Sources */ = {isa = PBXBuildFile; fileRef = BAC52C8E18103F5600E4E265 /* UIViewController+Autorotate.m */; };
		BAC52C92181045E100E4E265 /* TopNaviController.m in Sources */ = {isa = PBXBuildFile; fileRef = BAC52C91181045E100E4E265 /* TopNaviController.m */; };
/* End PBXBuildFile section */

/* Begin PBXContainerItemProxy section */
		BAC52C5F180EF1AF00E4E265 /* PBXContainerItemProxy */ = {
			isa = PBXContainerItemProxy;
			containerPortal = BAC52C37180EF1AE00E4E265 /* Project object */;
			proxyType = 1;
			remoteGlobalIDString = BAC52C3E180EF1AE00E4E265;
			remoteInfo = HellLily;
		};
/* End PBXContainerItemProxy section */

/* Begin PBXFileReference section */
		4FDC8E5A9F23477BBA5CE771 /* Pods.xcconfig */ = {isa = PBXFileReference; includeInIndex = 1; lastKnownFileType = text.xcconfig; name = Pods.xcconfig; path = Pods/Pods.xcconfig; sourceTree = "<group>"; };
		BAC52C3F180EF1AE00E4E265 /* HellLily.app */ = {isa = PBXFileReference; explicitFileType = wrapper.application; includeInIndex = 0; path = HellLily.app; sourceTree = BUILT_PRODUCTS_DIR; };
		BAC52C42180EF1AE00E4E265 /* Foundation.framework */ = {isa = PBXFileReference; lastKnownFileType = wrapper.framework; name = Foundation.framework; path = System/Library/Frameworks/Foundation.framework; sourceTree = SDKROOT; };
		BAC52C44180EF1AF00E4E265 /* CoreGraphics.framework */ = {isa = PBXFileReference; lastKnownFileType = wrapper.framework; name = CoreGraphics.framework; path = System/Library/Frameworks/CoreGraphics.framework; sourceTree = SDKROOT; };
		BAC52C46180EF1AF00E4E265 /* UIKit.framework */ = {isa = PBXFileReference; lastKnownFileType = wrapper.framework; name = UIKit.framework; path = System/Library/Frameworks/UIKit.framework; sourceTree = SDKROOT; };
		BAC52C4A180EF1AF00E4E265 /* HellLily-Info.plist */ = {isa = PBXFileReference; lastKnownFileType = text.plist.xml; path = "HellLily-Info.plist"; sourceTree = "<group>"; };
		BAC52C4C180EF1AF00E4E265 /* en */ = {isa = PBXFileReference; lastKnownFileType = text.plist.strings; name = en; path = en.lproj/InfoPlist.strings; sourceTree = "<group>"; };
		BAC52C4E180EF1AF00E4E265 /* main.m */ = {isa = PBXFileReference; lastKnownFileType = sourcecode.c.objc; path = main.m; sourceTree = "<group>"; };
		BAC52C50180EF1AF00E4E265 /* HellLily-Prefix.pch */ = {isa = PBXFileReference; lastKnownFileType = sourcecode.c.h; path = "HellLily-Prefix.pch"; sourceTree = "<group>"; };
		BAC52C54180EF1AF00E4E265 /* Images.xcassets */ = {isa = PBXFileReference; lastKnownFileType = folder.assetcatalog; path = Images.xcassets; sourceTree = "<group>"; };
		BAC52C5A180EF1AF00E4E265 /* HellLilyTests.xctest */ = {isa = PBXFileReference; explicitFileType = wrapper.cfbundle; includeInIndex = 0; path = HellLilyTests.xctest; sourceTree = BUILT_PRODUCTS_DIR; };
		BAC52C5B180EF1AF00E4E265 /* XCTest.framework */ = {isa = PBXFileReference; lastKnownFileType = wrapper.framework; name = XCTest.framework; path = Library/Frameworks/XCTest.framework; sourceTree = DEVELOPER_DIR; };
		BAC52C63180EF1AF00E4E265 /* HellLilyTests-Info.plist */ = {isa = PBXFileReference; lastKnownFileType = text.plist.xml; path = "HellLilyTests-Info.plist"; sourceTree = "<group>"; };
		BAC52C65180EF1AF00E4E265 /* en */ = {isa = PBXFileReference; lastKnownFileType = text.plist.strings; name = en; path = en.lproj/InfoPlist.strings; sourceTree = "<group>"; };
		BAC52C67180EF1AF00E4E265 /* HellLilyTests.m */ = {isa = PBXFileReference; lastKnownFileType = sourcecode.c.objc; path = HellLilyTests.m; sourceTree = "<group>"; };
		BAC52C72180F0EBD00E4E265 /* AppDelegate.h */ = {isa = PBXFileReference; fileEncoding = 4; lastKnownFileType = sourcecode.c.h; name = AppDelegate.h; path = Classes/AppDelegate.h; sourceTree = "<group>"; };
		BAC52C73180F0EBD00E4E265 /* AppDelegate.m */ = {isa = PBXFileReference; fileEncoding = 4; lastKnownFileType = sourcecode.c.objc; name = AppDelegate.m; path = Classes/AppDelegate.m; sourceTree = "<group>"; };
		BAC52C76180F10F700E4E265 /* HomeController.h */ = {isa = PBXFileReference; fileEncoding = 4; lastKnownFileType = sourcecode.c.h; name = HomeController.h; path = Classes/Controllers/HomeController.h; sourceTree = "<group>"; };
		BAC52C77180F10F700E4E265 /* HomeController.m */ = {isa = PBXFileReference; fileEncoding = 4; lastKnownFileType = sourcecode.c.objc; name = HomeController.m; path = Classes/Controllers/HomeController.m; sourceTree = "<group>"; };
		BAC52C78180F10F700E4E265 /* MenuController.h */ = {isa = PBXFileReference; fileEncoding = 4; lastKnownFileType = sourcecode.c.h; name = MenuController.h; path = Classes/Controllers/MenuController.h; sourceTree = "<group>"; };
		BAC52C79180F10F700E4E265 /* MenuController.m */ = {isa = PBXFileReference; fileEncoding = 4; lastKnownFileType = sourcecode.c.objc; name = MenuController.m; path = Classes/Controllers/MenuController.m; sourceTree = "<group>"; };
		BAC52C7A180F10F700E4E265 /* RootNaviController.h */ = {isa = PBXFileReference; fileEncoding = 4; lastKnownFileType = sourcecode.c.h; name = RootNaviController.h; path = Classes/Controllers/RootNaviController.h; sourceTree = "<group>"; };
		BAC52C7B180F10F700E4E265 /* RootNaviController.m */ = {isa = PBXFileReference; fileEncoding = 4; lastKnownFileType = sourcecode.c.objc; name = RootNaviController.m; path = Classes/Controllers/RootNaviController.m; sourceTree = "<group>"; };
		BAC52C7C180F10F700E4E265 /* SecondViewController.h */ = {isa = PBXFileReference; fileEncoding = 4; lastKnownFileType = sourcecode.c.h; name = SecondViewController.h; path = Classes/Controllers/SecondViewController.h; sourceTree = "<group>"; };
		BAC52C7D180F10F700E4E265 /* SecondViewController.m */ = {isa = PBXFileReference; fileEncoding = 4; lastKnownFileType = sourcecode.c.objc; name = SecondViewController.m; path = Classes/Controllers/SecondViewController.m; sourceTree = "<group>"; };
		BAC52C82180F175400E4E265 /* SettingController.h */ = {isa = PBXFileReference; fileEncoding = 4; lastKnownFileType = sourcecode.c.h; name = SettingController.h; path = Classes/Controllers/SettingController.h; sourceTree = "<group>"; };
		BAC52C83180F175400E4E265 /* SettingController.m */ = {isa = PBXFileReference; fileEncoding = 4; lastKnownFileType = sourcecode.c.objc; name = SettingController.m; path = Classes/Controllers/SettingController.m; sourceTree = "<group>"; };
		BAC52C8A18103AE200E4E265 /* UINavigationController+Autorotate.h */ = {isa = PBXFileReference; fileEncoding = 4; lastKnownFileType = sourcecode.c.h; name = "UINavigationController+Autorotate.h"; path = "Classes/Common/Templates/UINavigationController+Autorotate.h"; sourceTree = "<group>"; };
		BAC52C8B18103AE200E4E265 /* UINavigationController+Autorotate.m */ = {isa = PBXFileReference; fileEncoding = 4; lastKnownFileType = sourcecode.c.objc; name = "UINavigationController+Autorotate.m"; path = "Classes/Common/Templates/UINavigationController+Autorotate.m"; sourceTree = "<group>"; };
		BAC52C8D18103F5600E4E265 /* UIViewController+Autorotate.h */ = {isa = PBXFileReference; fileEncoding = 4; lastKnownFileType = sourcecode.c.h; name = "UIViewController+Autorotate.h"; path = "Classes/Common/Templates/UIViewController+Autorotate.h"; sourceTree = "<group>"; };
		BAC52C8E18103F5600E4E265 /* UIViewController+Autorotate.m */ = {isa = PBXFileReference; fileEncoding = 4; lastKnownFileType = sourcecode.c.objc; name = "UIViewController+Autorotate.m"; path = "Classes/Common/Templates/UIViewController+Autorotate.m"; sourceTree = "<group>"; };
		BAC52C90181045E100E4E265 /* TopNaviController.h */ = {isa = PBXFileReference; fileEncoding = 4; lastKnownFileType = sourcecode.c.h; name = TopNaviController.h; path = Classes/Controllers/TopNaviController.h; sourceTree = "<group>"; };
		BAC52C91181045E100E4E265 /* TopNaviController.m */ = {isa = PBXFileReference; fileEncoding = 4; lastKnownFileType = sourcecode.c.objc; name = TopNaviController.m; path = Classes/Controllers/TopNaviController.m; sourceTree = "<group>"; };
		F54954DA51F942629C446F07 /* libPods.a */ = {isa = PBXFileReference; explicitFileType = archive.ar; includeInIndex = 0; path = libPods.a; sourceTree = BUILT_PRODUCTS_DIR; };
/* End PBXFileReference section */

/* Begin PBXFrameworksBuildPhase section */
		BAC52C3C180EF1AE00E4E265 /* Frameworks */ = {
			isa = PBXFrameworksBuildPhase;
			buildActionMask = 2147483647;
			files = (
				BAC52C45180EF1AF00E4E265 /* CoreGraphics.framework in Frameworks */,
				BAC52C47180EF1AF00E4E265 /* UIKit.framework in Frameworks */,
				BAC52C43180EF1AE00E4E265 /* Foundation.framework in Frameworks */,
				14A6F05820C940E6A436497A /* libPods.a in Frameworks */,
			);
			runOnlyForDeploymentPostprocessing = 0;
		};
		BAC52C57180EF1AF00E4E265 /* Frameworks */ = {
			isa = PBXFrameworksBuildPhase;
			buildActionMask = 2147483647;
			files = (
				BAC52C5C180EF1AF00E4E265 /* XCTest.framework in Frameworks */,
				BAC52C5E180EF1AF00E4E265 /* UIKit.framework in Frameworks */,
				BAC52C5D180EF1AF00E4E265 /* Foundation.framework in Frameworks */,
			);
			runOnlyForDeploymentPostprocessing = 0;
		};
/* End PBXFrameworksBuildPhase section */

/* Begin PBXGroup section */
		BAC52C36180EF1AE00E4E265 = {
			isa = PBXGroup;
			children = (
				BAC52C48180EF1AF00E4E265 /* HellLily */,
				BAC52C61180EF1AF00E4E265 /* HellLilyTests */,
				BAC52C41180EF1AE00E4E265 /* Frameworks */,
				BAC52C40180EF1AE00E4E265 /* Products */,
				4FDC8E5A9F23477BBA5CE771 /* Pods.xcconfig */,
			);
			sourceTree = "<group>";
		};
		BAC52C40180EF1AE00E4E265 /* Products */ = {
			isa = PBXGroup;
			children = (
				BAC52C3F180EF1AE00E4E265 /* HellLily.app */,
				BAC52C5A180EF1AF00E4E265 /* HellLilyTests.xctest */,
			);
			name = Products;
			sourceTree = "<group>";
		};
		BAC52C41180EF1AE00E4E265 /* Frameworks */ = {
			isa = PBXGroup;
			children = (
				BAC52C42180EF1AE00E4E265 /* Foundation.framework */,
				BAC52C44180EF1AF00E4E265 /* CoreGraphics.framework */,
				BAC52C46180EF1AF00E4E265 /* UIKit.framework */,
				BAC52C5B180EF1AF00E4E265 /* XCTest.framework */,
				F54954DA51F942629C446F07 /* libPods.a */,
			);
			name = Frameworks;
			sourceTree = "<group>";
		};
		BAC52C48180EF1AF00E4E265 /* HellLily */ = {
			isa = PBXGroup;
			children = (
				BAC52C71180F0E9F00E4E265 /* Classes */,
				BAC52C54180EF1AF00E4E265 /* Images.xcassets */,
				BAC52C49180EF1AF00E4E265 /* Supporting Files */,
			);
			path = HellLily;
			sourceTree = "<group>";
		};
		BAC52C49180EF1AF00E4E265 /* Supporting Files */ = {
			isa = PBXGroup;
			children = (
				BAC52C4A180EF1AF00E4E265 /* HellLily-Info.plist */,
				BAC52C4B180EF1AF00E4E265 /* InfoPlist.strings */,
				BAC52C4E180EF1AF00E4E265 /* main.m */,
				BAC52C50180EF1AF00E4E265 /* HellLily-Prefix.pch */,
			);
			name = "Supporting Files";
			sourceTree = "<group>";
		};
		BAC52C61180EF1AF00E4E265 /* HellLilyTests */ = {
			isa = PBXGroup;
			children = (
				BAC52C67180EF1AF00E4E265 /* HellLilyTests.m */,
				BAC52C62180EF1AF00E4E265 /* Supporting Files */,
			);
			path = HellLilyTests;
			sourceTree = "<group>";
		};
		BAC52C62180EF1AF00E4E265 /* Supporting Files */ = {
			isa = PBXGroup;
			children = (
				BAC52C63180EF1AF00E4E265 /* HellLilyTests-Info.plist */,
				BAC52C64180EF1AF00E4E265 /* InfoPlist.strings */,
			);
			name = "Supporting Files";
			sourceTree = "<group>";
		};
		BAC52C71180F0E9F00E4E265 /* Classes */ = {
			isa = PBXGroup;
			children = (
				BAC52C72180F0EBD00E4E265 /* AppDelegate.h */,
				BAC52C73180F0EBD00E4E265 /* AppDelegate.m */,
				BAC52C85181039D700E4E265 /* Common */,
				BAC52C75180F10E100E4E265 /* Controllers */,
			);
			name = Classes;
			sourceTree = "<group>";
		};
		BAC52C75180F10E100E4E265 /* Controllers */ = {
			isa = PBXGroup;
			children = (
				BAC52C76180F10F700E4E265 /* HomeController.h */,
				BAC52C77180F10F700E4E265 /* HomeController.m */,
				BAC52C78180F10F700E4E265 /* MenuController.h */,
				BAC52C79180F10F700E4E265 /* MenuController.m */,
				BAC52C7A180F10F700E4E265 /* RootNaviController.h */,
				BAC52C7B180F10F700E4E265 /* RootNaviController.m */,
				BAC52C90181045E100E4E265 /* TopNaviController.h */,
				BAC52C91181045E100E4E265 /* TopNaviController.m */,
				BAC52C7C180F10F700E4E265 /* SecondViewController.h */,
				BAC52C7D180F10F700E4E265 /* SecondViewController.m */,
				BAC52C82180F175400E4E265 /* SettingController.h */,
				BAC52C83180F175400E4E265 /* SettingController.m */,
			);
			name = Controllers;
			sourceTree = "<group>";
		};
		BAC52C85181039D700E4E265 /* Common */ = {
			isa = PBXGroup;
			children = (
				BAC52C86181039E500E4E265 /* Templates */,
			);
			name = Common;
			sourceTree = "<group>";
		};
		BAC52C86181039E500E4E265 /* Templates */ = {
			isa = PBXGroup;
			children = (
				BAC52C8D18103F5600E4E265 /* UIViewController+Autorotate.h */,
				BAC52C8E18103F5600E4E265 /* UIViewController+Autorotate.m */,
				BAC52C8A18103AE200E4E265 /* UINavigationController+Autorotate.h */,
				BAC52C8B18103AE200E4E265 /* UINavigationController+Autorotate.m */,
			);
			name = Templates;
			sourceTree = "<group>";
		};
/* End PBXGroup section */

/* Begin PBXNativeTarget section */
		BAC52C3E180EF1AE00E4E265 /* HellLily */ = {
			isa = PBXNativeTarget;
			buildConfigurationList = BAC52C6B180EF1AF00E4E265 /* Build configuration list for PBXNativeTarget "HellLily" */;
			buildPhases = (
				6F077DBDC3D943EE8514103E /* Check Pods Manifest.lock */,
				BAC52C3B180EF1AE00E4E265 /* Sources */,
				BAC52C3C180EF1AE00E4E265 /* Frameworks */,
				BAC52C3D180EF1AE00E4E265 /* Resources */,
				74F91717060B40E39E613D8A /* Copy Pods Resources */,
			);
			buildRules = (
			);
			dependencies = (
			);
			name = HellLily;
			productName = HellLily;
			productReference = BAC52C3F180EF1AE00E4E265 /* HellLily.app */;
			productType = "com.apple.product-type.application";
		};
		BAC52C59180EF1AF00E4E265 /* HellLilyTests */ = {
			isa = PBXNativeTarget;
			buildConfigurationList = BAC52C6E180EF1AF00E4E265 /* Build configuration list for PBXNativeTarget "HellLilyTests" */;
			buildPhases = (
				BAC52C56180EF1AF00E4E265 /* Sources */,
				BAC52C57180EF1AF00E4E265 /* Frameworks */,
				BAC52C58180EF1AF00E4E265 /* Resources */,
			);
			buildRules = (
			);
			dependencies = (
				BAC52C60180EF1AF00E4E265 /* PBXTargetDependency */,
			);
			name = HellLilyTests;
			productName = HellLilyTests;
			productReference = BAC52C5A180EF1AF00E4E265 /* HellLilyTests.xctest */;
			productType = "com.apple.product-type.bundle.unit-test";
		};
/* End PBXNativeTarget section */

/* Begin PBXProject section */
		BAC52C37180EF1AE00E4E265 /* Project object */ = {
			isa = PBXProject;
			attributes = {
				LastUpgradeCheck = 0500;
				ORGANIZATIONNAME = VeryPanda;
				TargetAttributes = {
					BAC52C59180EF1AF00E4E265 = {
						TestTargetID = BAC52C3E180EF1AE00E4E265;
					};
				};
			};
			buildConfigurationList = BAC52C3A180EF1AE00E4E265 /* Build configuration list for PBXProject "HellLily" */;
			compatibilityVersion = "Xcode 3.2";
			developmentRegion = English;
			hasScannedForEncodings = 0;
			knownRegions = (
				en,
			);
			mainGroup = BAC52C36180EF1AE00E4E265;
			productRefGroup = BAC52C40180EF1AE00E4E265 /* Products */;
			projectDirPath = "";
			projectRoot = "";
			targets = (
				BAC52C3E180EF1AE00E4E265 /* HellLily */,
				BAC52C59180EF1AF00E4E265 /* HellLilyTests */,
			);
		};
/* End PBXProject section */

/* Begin PBXResourcesBuildPhase section */
		BAC52C3D180EF1AE00E4E265 /* Resources */ = {
			isa = PBXResourcesBuildPhase;
			buildActionMask = 2147483647;
			files = (
				BAC52C4D180EF1AF00E4E265 /* InfoPlist.strings in Resources */,
				BAC52C55180EF1AF00E4E265 /* Images.xcassets in Resources */,
			);
			runOnlyForDeploymentPostprocessing = 0;
		};
		BAC52C58180EF1AF00E4E265 /* Resources */ = {
			isa = PBXResourcesBuildPhase;
			buildActionMask = 2147483647;
			files = (
				BAC52C66180EF1AF00E4E265 /* InfoPlist.strings in Resources */,
			);
			runOnlyForDeploymentPostprocessing = 0;
		};
/* End PBXResourcesBuildPhase section */

/* Begin PBXShellScriptBuildPhase section */
		6F077DBDC3D943EE8514103E /* Check Pods Manifest.lock */ = {
			isa = PBXShellScriptBuildPhase;
			buildActionMask = 2147483647;
			files = (
			);
			inputPaths = (
			);
			name = "Check Pods Manifest.lock";
			outputPaths = (
			);
			runOnlyForDeploymentPostprocessing = 0;
			shellPath = /bin/sh;
			shellScript = "diff \"${PODS_ROOT}/../Podfile.lock\" \"${PODS_ROOT}/Manifest.lock\" > /dev/null\nif [[ $? != 0 ]] ; then\n    cat << EOM\nerror: The sandbox is not in sync with the Podfile.lock. Run 'pod install' or update your CocoaPods installation.\nEOM\n    exit 1\nfi\n";
			showEnvVarsInLog = 0;
		};
		74F91717060B40E39E613D8A /* Copy Pods Resources */ = {
			isa = PBXShellScriptBuildPhase;
			buildActionMask = 2147483647;
			files = (
			);
			inputPaths = (
			);
			name = "Copy Pods Resources";
			outputPaths = (
			);
			runOnlyForDeploymentPostprocessing = 0;
			shellPath = /bin/sh;
			shellScript = "\"${SRCROOT}/Pods/Pods-resources.sh\"\n";
			showEnvVarsInLog = 0;
		};
/* End PBXShellScriptBuildPhase section */

/* Begin PBXSourcesBuildPhase section */
		BAC52C3B180EF1AE00E4E265 /* Sources */ = {
			isa = PBXSourcesBuildPhase;
			buildActionMask = 2147483647;
			files = (
				BAC52C8F18103F5600E4E265 /* UIViewController+Autorotate.m in Sources */,
				BAC52C7F180F10F700E4E265 /* MenuController.m in Sources */,
				BAC52C7E180F10F700E4E265 /* HomeController.m in Sources */,
				BAC52C74180F0EBD00E4E265 /* AppDelegate.m in Sources */,
				BAC52C92181045E100E4E265 /* TopNaviController.m in Sources */,
				BAC52C4F180EF1AF00E4E265 /* main.m in Sources */,
				BAC52C80180F10F700E4E265 /* RootNaviController.m in Sources */,
				BAC52C81180F10F700E4E265 /* SecondViewController.m in Sources */,
				BAC52C8C18103AE200E4E265 /* UINavigationController+Autorotate.m in Sources */,
				BAC52C84180F175400E4E265 /* SettingController.m in Sources */,
			);
			runOnlyForDeploymentPostprocessing = 0;
		};
		BAC52C56180EF1AF00E4E265 /* Sources */ = {
			isa = PBXSourcesBuildPhase;
			buildActionMask = 2147483647;
			files = (
				BAC52C68180EF1AF00E4E265 /* HellLilyTests.m in Sources */,
			);
			runOnlyForDeploymentPostprocessing = 0;
		};
/* End PBXSourcesBuildPhase section */

/* Begin PBXTargetDependency section */
		BAC52C60180EF1AF00E4E265 /* PBXTargetDependency */ = {
			isa = PBXTargetDependency;
			target = BAC52C3E180EF1AE00E4E265 /* HellLily */;
			targetProxy = BAC52C5F180EF1AF00E4E265 /* PBXContainerItemProxy */;
		};
/* End PBXTargetDependency section */

/* Begin PBXVariantGroup section */
		BAC52C4B180EF1AF00E4E265 /* InfoPlist.strings */ = {
			isa = PBXVariantGroup;
			children = (
				BAC52C4C180EF1AF00E4E265 /* en */,
			);
			name = InfoPlist.strings;
			sourceTree = "<group>";
		};
		BAC52C64180EF1AF00E4E265 /* InfoPlist.strings */ = {
			isa = PBXVariantGroup;
			children = (
				BAC52C65180EF1AF00E4E265 /* en */,
			);
			name = InfoPlist.strings;
			sourceTree = "<group>";
		};
/* End PBXVariantGroup section */

/* Begin XCBuildConfiguration section */
		BAC52C69180EF1AF00E4E265 /* Debug */ = {
			isa = XCBuildConfiguration;
			buildSettings = {
				ALWAYS_SEARCH_USER_PATHS = NO;
				ARCHS = "$(ARCHS_STANDARD_INCLUDING_64_BIT)";
				CLANG_CXX_LANGUAGE_STANDARD = "gnu++0x";
				CLANG_CXX_LIBRARY = "libc++";
				CLANG_ENABLE_MODULES = YES;
				CLANG_ENABLE_OBJC_ARC = YES;
				CLANG_WARN_BOOL_CONVERSION = YES;
				CLANG_WARN_CONSTANT_CONVERSION = YES;
				CLANG_WARN_DIRECT_OBJC_ISA_USAGE = YES_ERROR;
				CLANG_WARN_EMPTY_BODY = YES;
				CLANG_WARN_ENUM_CONVERSION = YES;
				CLANG_WARN_INT_CONVERSION = YES;
				CLANG_WARN_OBJC_ROOT_CLASS = YES_ERROR;
				CLANG_WARN__DUPLICATE_METHOD_MATCH = YES;
				"CODE_SIGN_IDENTITY[sdk=iphoneos*]" = "iPhone Developer";
				COPY_PHASE_STRIP = NO;
				GCC_C_LANGUAGE_STANDARD = gnu99;
				GCC_DYNAMIC_NO_PIC = NO;
				GCC_OPTIMIZATION_LEVEL = 0;
				GCC_PREPROCESSOR_DEFINITIONS = (
					"DEBUG=1",
					"$(inherited)",
				);
				GCC_SYMBOLS_PRIVATE_EXTERN = NO;
				GCC_WARN_64_TO_32_BIT_CONVERSION = YES;
				GCC_WARN_ABOUT_RETURN_TYPE = YES_ERROR;
				GCC_WARN_UNDECLARED_SELECTOR = YES;
				GCC_WARN_UNINITIALIZED_AUTOS = YES;
				GCC_WARN_UNUSED_FUNCTION = YES;
				GCC_WARN_UNUSED_VARIABLE = YES;
				IPHONEOS_DEPLOYMENT_TARGET = 7.0;
				ONLY_ACTIVE_ARCH = YES;
				SDKROOT = iphoneos;
			};
			name = Debug;
		};
		BAC52C6A180EF1AF00E4E265 /* Release */ = {
			isa = XCBuildConfiguration;
			buildSettings = {
				ALWAYS_SEARCH_USER_PATHS = NO;
				ARCHS = "$(ARCHS_STANDARD_INCLUDING_64_BIT)";
				CLANG_CXX_LANGUAGE_STANDARD = "gnu++0x";
				CLANG_CXX_LIBRARY = "libc++";
				CLANG_ENABLE_MODULES = YES;
				CLANG_ENABLE_OBJC_ARC = YES;
				CLANG_WARN_BOOL_CONVERSION = YES;
				CLANG_WARN_CONSTANT_CONVERSION = YES;
				CLANG_WARN_DIRECT_OBJC_ISA_USAGE = YES_ERROR;
				CLANG_WARN_EMPTY_BODY = YES;
				CLANG_WARN_ENUM_CONVERSION = YES;
				CLANG_WARN_INT_CONVERSION = YES;
				CLANG_WARN_OBJC_ROOT_CLASS = YES_ERROR;
				CLANG_WARN__DUPLICATE_METHOD_MATCH = YES;
				"CODE_SIGN_IDENTITY[sdk=iphoneos*]" = "iPhone Developer";
				COPY_PHASE_STRIP = YES;
				ENABLE_NS_ASSERTIONS = NO;
				GCC_C_LANGUAGE_STANDARD = gnu99;
				GCC_WARN_64_TO_32_BIT_CONVERSION = YES;
				GCC_WARN_ABOUT_RETURN_TYPE = YES_ERROR;
				GCC_WARN_UNDECLARED_SELECTOR = YES;
				GCC_WARN_UNINITIALIZED_AUTOS = YES;
				GCC_WARN_UNUSED_FUNCTION = YES;
				GCC_WARN_UNUSED_VARIABLE = YES;
				IPHONEOS_DEPLOYMENT_TARGET = 7.0;
				SDKROOT = iphoneos;
				VALIDATE_PRODUCT = YES;
			};
			name = Release;
		};
		BAC52C6C180EF1AF00E4E265 /* Debug */ = {
			isa = XCBuildConfiguration;
			baseConfigurationReference = 4FDC8E5A9F23477BBA5CE771 /* Pods.xcconfig */;
			buildSettings = {
				ASSETCATALOG_COMPILER_APPICON_NAME = AppIcon;
				ASSETCATALOG_COMPILER_LAUNCHIMAGE_NAME = LaunchImage;
				GCC_PRECOMPILE_PREFIX_HEADER = YES;
				GCC_PREFIX_HEADER = "HellLily/HellLily-Prefix.pch";
				INFOPLIST_FILE = "HellLily/HellLily-Info.plist";
				PRODUCT_NAME = "$(TARGET_NAME)";
				USER_HEADER_SEARCH_PATHS = "${SRCROOT}/**";
				WRAPPER_EXTENSION = app;
			};
			name = Debug;
		};
		BAC52C6D180EF1AF00E4E265 /* Release */ = {
			isa = XCBuildConfiguration;
			baseConfigurationReference = 4FDC8E5A9F23477BBA5CE771 /* Pods.xcconfig */;
			buildSettings = {
				ASSETCATALOG_COMPILER_APPICON_NAME = AppIcon;
				ASSETCATALOG_COMPILER_LAUNCHIMAGE_NAME = LaunchImage;
				GCC_PRECOMPILE_PREFIX_HEADER = YES;
				GCC_PREFIX_HEADER = "HellLily/HellLily-Prefix.pch";
				INFOPLIST_FILE = "HellLily/HellLily-Info.plist";
				PRODUCT_NAME = "$(TARGET_NAME)";
				USER_HEADER_SEARCH_PATHS = "${SRCROOT}/**";
				WRAPPER_EXTENSION = app;
			};
			name = Release;
		};
		BAC52C6F180EF1AF00E4E265 /* Debug */ = {
			isa = XCBuildConfiguration;
			buildSettings = {
				ARCHS = "$(ARCHS_STANDARD_INCLUDING_64_BIT)";
				BUNDLE_LOADER = "$(BUILT_PRODUCTS_DIR)/HellLily.app/HellLily";
				FRAMEWORK_SEARCH_PATHS = (
					"$(SDKROOT)/Developer/Library/Frameworks",
					"$(inherited)",
					"$(DEVELOPER_FRAMEWORKS_DIR)",
				);
				GCC_PRECOMPILE_PREFIX_HEADER = YES;
				GCC_PREFIX_HEADER = "HellLily/HellLily-Prefix.pch";
				GCC_PREPROCESSOR_DEFINITIONS = (
					"DEBUG=1",
					"$(inherited)",
				);
				INFOPLIST_FILE = "HellLilyTests/HellLilyTests-Info.plist";
				PRODUCT_NAME = "$(TARGET_NAME)";
				TEST_HOST = "$(BUNDLE_LOADER)";
				WRAPPER_EXTENSION = xctest;
			};
			name = Debug;
		};
		BAC52C70180EF1AF00E4E265 /* Release */ = {
			isa = XCBuildConfiguration;
			buildSettings = {
				ARCHS = "$(ARCHS_STANDARD_INCLUDING_64_BIT)";
				BUNDLE_LOADER = "$(BUILT_PRODUCTS_DIR)/HellLily.app/HellLily";
				FRAMEWORK_SEARCH_PATHS = (
					"$(SDKROOT)/Developer/Library/Frameworks",
					"$(inherited)",
					"$(DEVELOPER_FRAMEWORKS_DIR)",
				);
				GCC_PRECOMPILE_PREFIX_HEADER = YES;
				GCC_PREFIX_HEADER = "HellLily/HellLily-Prefix.pch";
				INFOPLIST_FILE = "HellLilyTests/HellLilyTests-Info.plist";
				PRODUCT_NAME = "$(TARGET_NAME)";
				TEST_HOST = "$(BUNDLE_LOADER)";
				WRAPPER_EXTENSION = xctest;
			};
			name = Release;
		};
/* End XCBuildConfiguration section */

/* Begin XCConfigurationList section */
		BAC52C3A180EF1AE00E4E265 /* Build configuration list for PBXProject "HellLily" */ = {
			isa = XCConfigurationList;
			buildConfigurations = (
				BAC52C69180EF1AF00E4E265 /* Debug */,
				BAC52C6A180EF1AF00E4E265 /* Release */,
			);
			defaultConfigurationIsVisible = 0;
			defaultConfigurationName = Release;
		};
		BAC52C6B180EF1AF00E4E265 /* Build configuration list for PBXNativeTarget "HellLily" */ = {
			isa = XCConfigurationList;
			buildConfigurations = (
				BAC52C6C180EF1AF00E4E265 /* Debug */,
				BAC52C6D180EF1AF00E4E265 /* Release */,
			);
			defaultConfigurationIsVisible = 0;
			defaultConfigurationName = Release;
		};
		BAC52C6E180EF1AF00E4E265 /* Build configuration list for PBXNativeTarget "HellLilyTests" */ = {
			isa = XCConfigurationList;
			buildConfigurations = (
				BAC52C6F180EF1AF00E4E265 /* Debug */,
				BAC52C70180EF1AF00E4E265 /* Release */,
			);
			defaultConfigurationIsVisible = 0;
			defaultConfigurationName = Release;
		};
/* End XCConfigurationList section */
	};
	rootObject = BAC52C37180EF1AE00E4E265 /* Project object */;
}
